// !$*UTF8*$!
{
	archiveVersion = 1;
	classes = {
	};
	objectVersion = 77;
	objects = {

/* Begin PBXBuildFile section */
		02F6CA4FC6F8A9EEADAE9E79 /* PrimaryButton.swift in Sources */ = {isa = PBXBuildFile; fileRef = 4CC3AB3F7A01628B2D1C1491 /* PrimaryButton.swift */; };
		1B009695CC93FAECB1210B4B /* DesignTokens.swift in Sources */ = {isa = PBXBuildFile; fileRef = C4B901D898BA88FAECCC27A1 /* DesignTokens.swift */; };
		32B9F76964FFB911284C85D0 /* Localizable.strings in Resources */ = {isa = PBXBuildFile; fileRef = 02569F0B937606D05EB986F1 /* Localizable.strings */; };
		34C71C4E959F6A19B7F51887 /* OnboardingUITests.swift in Sources */ = {isa = PBXBuildFile; fileRef = 702C0112632690D16DE08C4F /* OnboardingUITests.swift */; };
		35C1C2E83EEB581287C97BA4 /* PageIndicatorView.swift in Sources */ = {isa = PBXBuildFile; fileRef = EC9B0FCAE7E62615F155A325 /* PageIndicatorView.swift */; };
		4352EF96565329E497585C72 /* RootView.swift in Sources */ = {isa = PBXBuildFile; fileRef = 50E02A39A4697609258292E6 /* RootView.swift */; };
		4380F54E8057F1E3E7C39D18 /* OnboardingContent.swift in Sources */ = {isa = PBXBuildFile; fileRef = 08401F1852801C16B0C81901 /* OnboardingContent.swift */; };
		5FC3438DDB7475CFB3FFEE88 /* OnboardingStore.swift in Sources */ = {isa = PBXBuildFile; fileRef = 087518D16D2CCEFF0C33D269 /* OnboardingStore.swift */; };
		6526CA63C0E297BB6B8CC595 /* DisclaimerCheckboxView.swift in Sources */ = {isa = PBXBuildFile; fileRef = 58C52BFF016D4560F028EAA8 /* DisclaimerCheckboxView.swift */; };
		7CFD82E58CB6806F3FB49A6E /* WoontechApp.swift in Sources */ = {isa = PBXBuildFile; fileRef = 462F6E1094BC2B78720750A3 /* WoontechApp.swift */; };
		81D373491FEFA7B8D19425E8 /* OnboardingFlowStateTests.swift in Sources */ = {isa = PBXBuildFile; fileRef = 6E7C549E36616AECF819A8CA /* OnboardingFlowStateTests.swift */; };
		8D4CD17C570369BB08DF54E2 /* OnboardingStepView.swift in Sources */ = {isa = PBXBuildFile; fileRef = 5C3A74E7D9698C5B4F24C778 /* OnboardingStepView.swift */; };
		8E468EDB10E01C846286405D /* OnboardingView.swift in Sources */ = {isa = PBXBuildFile; fileRef = C644AABC878D71E9F9A95870 /* OnboardingView.swift */; };
		959C287AC9966A8561094CA5 /* SajuInputPlaceholderView.swift in Sources */ = {isa = PBXBuildFile; fileRef = 8F02C5F5FA1E7C282BE891C4 /* SajuInputPlaceholderView.swift */; };
		98A82AEC0357FB3DCCA220DF /* Assets.xcassets in Resources */ = {isa = PBXBuildFile; fileRef = 4781947525E101E9C4376774 /* Assets.xcassets */; };
		B1D7D71D171165CD027512B8 /* OnboardingStoreTests.swift in Sources */ = {isa = PBXBuildFile; fileRef = 267FF3811964764EF1E9DB25 /* OnboardingStoreTests.swift */; };
		CEA5B514DA080AE3DB80FA51 /* SplashView.swift in Sources */ = {isa = PBXBuildFile; fileRef = A6A5DF045B3B3180AA789099 /* SplashView.swift */; };
		F01383A9BF11A432A00FA576 /* OnboardingFlowModel.swift in Sources */ = {isa = PBXBuildFile; fileRef = 37ED5F66605992BA4E6AFAD9 /* OnboardingFlowModel.swift */; };
		B0010001000000000000A001 /* CityCatalog.swift in Sources */ = {isa = PBXBuildFile; fileRef = A0010001000000000000A001 /* CityCatalog.swift */; };
		B0010002000000000000A002 /* SajuAnalysisEngine.swift in Sources */ = {isa = PBXBuildFile; fileRef = A0010002000000000000A002 /* SajuAnalysisEngine.swift */; };
		B0010003000000000000A003 /* SajuFlowModel.swift in Sources */ = {isa = PBXBuildFile; fileRef = A0010003000000000000A003 /* SajuFlowModel.swift */; };
		B0010004000000000000A004 /* SajuInputModel.swift in Sources */ = {isa = PBXBuildFile; fileRef = A0010004000000000000A004 /* SajuInputModel.swift */; };
		B0010005000000000000A005 /* SajuInputStore.swift in Sources */ = {isa = PBXBuildFile; fileRef = A0010005000000000000A005 /* SajuInputStore.swift */; };
		B0010006000000000000A006 /* SajuResultModel.swift in Sources */ = {isa = PBXBuildFile; fileRef = A0010006000000000000A006 /* SajuResultModel.swift */; };
		B0010007000000000000A007 /* ShareCardRenderer.swift in Sources */ = {isa = PBXBuildFile; fileRef = A0010007000000000000A007 /* ShareCardRenderer.swift */; };
		B0010008000000000000A008 /* SolarTimeCalculator.swift in Sources */ = {isa = PBXBuildFile; fileRef = A0010008000000000000A008 /* SolarTimeCalculator.swift */; };
		B0010010000000000000A010 /* SajuCheckbox.swift in Sources */ = {isa = PBXBuildFile; fileRef = A0010010000000000000A010 /* SajuCheckbox.swift */; };
		B0010011000000000000A011 /* SajuSegmented.swift in Sources */ = {isa = PBXBuildFile; fileRef = A0010011000000000000A011 /* SajuSegmented.swift */; };
		B0010012000000000000A012 /* SajuStepScaffold.swift in Sources */ = {isa = PBXBuildFile; fileRef = A0010012000000000000A012 /* SajuStepScaffold.swift */; };
		B0010013000000000000A013 /* SajuToggleRow.swift in Sources */ = {isa = PBXBuildFile; fileRef = A0010013000000000000A013 /* SajuToggleRow.swift */; };
		B0010014000000000000A014 /* StepProgressBarView.swift in Sources */ = {isa = PBXBuildFile; fileRef = A0010014000000000000A014 /* StepProgressBarView.swift */; };
		B0010015000000000000A015 /* WheelPicker.swift in Sources */ = {isa = PBXBuildFile; fileRef = A0010015000000000000A015 /* WheelPicker.swift */; };
		B0010020000000000000A020 /* SajuInputFlowView.swift in Sources */ = {isa = PBXBuildFile; fileRef = A0010020000000000000A020 /* SajuInputFlowView.swift */; };
		B0010021000000000000A021 /* Step1GenderView.swift in Sources */ = {isa = PBXBuildFile; fileRef = A0010021000000000000A021 /* Step1GenderView.swift */; };
		B0010022000000000000A022 /* Step2NameView.swift in Sources */ = {isa = PBXBuildFile; fileRef = A0010022000000000000A022 /* Step2NameView.swift */; };
		B0010023000000000000A023 /* Step3BirthDateView.swift in Sources */ = {isa = PBXBuildFile; fileRef = A0010023000000000000A023 /* Step3BirthDateView.swift */; };
		B0010024000000000000A024 /* Step4BirthTimeView.swift in Sources */ = {isa = PBXBuildFile; fileRef = A0010024000000000000A024 /* Step4BirthTimeView.swift */; };
		B0010025000000000000A025 /* Step5BirthPlaceView.swift in Sources */ = {isa = PBXBuildFile; fileRef = A0010025000000000000A025 /* Step5BirthPlaceView.swift */; };
		B0010026000000000000A026 /* Step6SolarTimeView.swift in Sources */ = {isa = PBXBuildFile; fileRef = A0010026000000000000A026 /* Step6SolarTimeView.swift */; };
		B0010027000000000000A027 /* Step7LoaderView.swift in Sources */ = {isa = PBXBuildFile; fileRef = A0010027000000000000A027 /* Step7LoaderView.swift */; };
		B0010030000000000000A030 /* Step8ResultView.swift in Sources */ = {isa = PBXBuildFile; fileRef = A0010030000000000000A030 /* Step8ResultView.swift */; };
		B0010031000000000000A031 /* HeroTypeCardView.swift in Sources */ = {isa = PBXBuildFile; fileRef = A0010031000000000000A031 /* HeroTypeCardView.swift */; };
		B0010032000000000000A032 /* SajuMiniChartView.swift in Sources */ = {isa = PBXBuildFile; fileRef = A0010032000000000000A032 /* SajuMiniChartView.swift */; };
		B0010034000000000000A034 /* BulletListView.swift in Sources */ = {isa = PBXBuildFile; fileRef = A0010034000000000000A034 /* BulletListView.swift */; };
		B0010035000000000000A035 /* AccuracyBadgeView.swift in Sources */ = {isa = PBXBuildFile; fileRef = A0010035000000000000A035 /* AccuracyBadgeView.swift */; };
		B0010036000000000000A036 /* ShareCardView.swift in Sources */ = {isa = PBXBuildFile; fileRef = A0010036000000000000A036 /* ShareCardView.swift */; };
		B0010040000000000000A040 /* Step85SignUpView.swift in Sources */ = {isa = PBXBuildFile; fileRef = A0010040000000000000A040 /* Step85SignUpView.swift */; };
		B0010050000000000000A050 /* Step10ReferralView.swift in Sources */ = {isa = PBXBuildFile; fileRef = A0010050000000000000A050 /* Step10ReferralView.swift */; };
		B0010061000000000000A061 /* HomeRoute.swift in Sources */ = {isa = PBXBuildFile; fileRef = A0010061000000000000A061 /* HomeRoute.swift */; };
		B0010062000000000000A062 /* HomeDependencies.swift in Sources */ = {isa = PBXBuildFile; fileRef = A0010062000000000000A062 /* HomeDependencies.swift */; };
		B0010063000000000000A063 /* HomeDashboardView.swift in Sources */ = {isa = PBXBuildFile; fileRef = A0010063000000000000A063 /* HomeDashboardView.swift */; };
		B0010064000000000000A064 /* HomeHeaderView.swift in Sources */ = {isa = PBXBuildFile; fileRef = A0010064000000000000A064 /* HomeHeaderView.swift */; };
		B0010065000000000000A065 /* HomeRouteDestinations.swift in Sources */ = {isa = PBXBuildFile; fileRef = A0010065000000000000A065 /* HomeRouteDestinations.swift */; };
		B0010066000000000000A066 /* UserProfileProviding.swift in Sources */ = {isa = PBXBuildFile; fileRef = A0010066000000000000A066 /* UserProfileProviding.swift */; };
		B0010067000000000000A067 /* NotificationCenterProviding.swift in Sources */ = {isa = PBXBuildFile; fileRef = A0010067000000000000A067 /* NotificationCenterProviding.swift */; };
		B0010068000000000000A068 /* HeroInvestingProviding.swift in Sources */ = {isa = PBXBuildFile; fileRef = A0010068000000000000A068 /* HeroInvestingProviding.swift */; };
		B0010069000000000000A069 /* InsightsProviding.swift in Sources */ = {isa = PBXBuildFile; fileRef = A0010069000000000000A069 /* InsightsProviding.swift */; };
		B001006A000000000000A06A /* WeeklyEventsProviding.swift in Sources */ = {isa = PBXBuildFile; fileRef = A001006A000000000000A06A /* WeeklyEventsProviding.swift */; };
		B001006B000000000000A06B /* HomeDashboardTests.swift in Sources */ = {isa = PBXBuildFile; fileRef = A001006B000000000000A06B /* HomeDashboardTests.swift */; };
		B001006C000000000000A06C /* HomeDashboardUITests.swift in Sources */ = {isa = PBXBuildFile; fileRef = A001006C000000000000A06C /* HomeDashboardUITests.swift */; };
		B001006D000000000000A06D /* CollectionExtensions.swift in Sources */ = {isa = PBXBuildFile; fileRef = A001006D000000000000A06D /* CollectionExtensions.swift */; };
		B001006E000000000000A06E /* HeroInvestingCardView.swift in Sources */ = {isa = PBXBuildFile; fileRef = A001006E000000000000A06E /* HeroInvestingCardView.swift */; };
		B001006F000000000000A06F /* InsightCardView.swift in Sources */ = {isa = PBXBuildFile; fileRef = A001006F000000000000A06F /* InsightCardView.swift */; };
		B0010070000000000000A070 /* WeeklyEvent.swift in Sources */ = {isa = PBXBuildFile; fileRef = A0010070000000000000A070 /* WeeklyEvent.swift */; };
		B0010071000000000000A071 /* DisclaimerView.swift in Sources */ = {isa = PBXBuildFile; fileRef = A0010071000000000000A071 /* DisclaimerView.swift */; };
		B0010072000000000000A072 /* EventCardView.swift in Sources */ = {isa = PBXBuildFile; fileRef = A0010072000000000000A072 /* EventCardView.swift */; };
		B0010073000000000000A073 /* WeeklyEventsSection.swift in Sources */ = {isa = PBXBuildFile; fileRef = A0010073000000000000A073 /* WeeklyEventsSection.swift */; };
		B0010074000000000000A074 /* ShareHookCard.swift in Sources */ = {isa = PBXBuildFile; fileRef = A0010074000000000000A074 /* ShareHookCard.swift */; };
		B0010075000000000000A075 /* ProTeaserCard.swift in Sources */ = {isa = PBXBuildFile; fileRef = A0010075000000000000A075 /* ProTeaserCard.swift */; };
		B0010076000000000000A076 /* WeeklyEventsTests.swift in Sources */ = {isa = PBXBuildFile; fileRef = A0010076000000000000A076 /* WeeklyEventsTests.swift */; };
		B0010101000000000000A101 /* SajuInputModelTests.swift in Sources */ = {isa = PBXBuildFile; fileRef = A0010101000000000000A101 /* SajuInputModelTests.swift */; };
		B0010102000000000000A102 /* SajuFlowModelTests.swift in Sources */ = {isa = PBXBuildFile; fileRef = A0010102000000000000A102 /* SajuFlowModelTests.swift */; };
		B0010103000000000000A103 /* SolarTimeCalculatorTests.swift in Sources */ = {isa = PBXBuildFile; fileRef = A0010103000000000000A103 /* SolarTimeCalculatorTests.swift */; };
		B0010104000000000000A104 /* SajuAnalysisEngineTests.swift in Sources */ = {isa = PBXBuildFile; fileRef = A0010104000000000000A104 /* SajuAnalysisEngineTests.swift */; };
		B0010105000000000000A105 /* CityCatalogTests.swift in Sources */ = {isa = PBXBuildFile; fileRef = A0010105000000000000A105 /* CityCatalogTests.swift */; };
		B0010106000000000000A106 /* SajuInputStorePersistenceTests.swift in Sources */ = {isa = PBXBuildFile; fileRef = A0010106000000000000A106 /* SajuInputStorePersistenceTests.swift */; };
		B0010107000000000000A107 /* SajuResultAccuracyTests.swift in Sources */ = {isa = PBXBuildFile; fileRef = A0010107000000000000A107 /* SajuResultAccuracyTests.swift */; };
		B0010201000000000000A201 /* SajuInputUITests.swift in Sources */ = {isa = PBXBuildFile; fileRef = A0010201000000000000A201 /* SajuInputUITests.swift */; };
		B0010202000000000000A202 /* SajuResultUITests.swift in Sources */ = {isa = PBXBuildFile; fileRef = A0010202000000000000A202 /* SajuResultUITests.swift */; };
		B0010203000000000000A203 /* SajuSignUpUITests.swift in Sources */ = {isa = PBXBuildFile; fileRef = A0010203000000000000A203 /* SajuSignUpUITests.swift */; };
		B0010204000000000000A204 /* SajuReferralUITests.swift in Sources */ = {isa = PBXBuildFile; fileRef = A0010204000000000000A204 /* SajuReferralUITests.swift */; };
		B0010205000000000000A205 /* SajuAccessibilityUITests.swift in Sources */ = {isa = PBXBuildFile; fileRef = A0010205000000000000A205 /* SajuAccessibilityUITests.swift */; };
		B0010206000000000000A206 /* AppLaunchContractUITests.swift in Sources */ = {isa = PBXBuildFile; fileRef = A0010206000000000000A206 /* AppLaunchContractUITests.swift */; };
		B0010300000000000000B300 /* InvestingAttitudeDetailProviding.swift in Sources */ = {isa = PBXBuildFile; fileRef = A0010300000000000000A300 /* InvestingAttitudeDetailProviding.swift */; };
		B0010301000000000000B301 /* InvestingAttitudeDetailView.swift in Sources */ = {isa = PBXBuildFile; fileRef = A0010301000000000000A301 /* InvestingAttitudeDetailView.swift */; };
		B0010302000000000000B302 /* InvestingAttitudeDetailViewTests.swift in Sources */ = {isa = PBXBuildFile; fileRef = A0010302000000000000A302 /* InvestingAttitudeDetailViewTests.swift */; };
		B0010303000000000000B303 /* InvestingAttitudeDetailUITests.swift in Sources */ = {isa = PBXBuildFile; fileRef = A0010303000000000000A303 /* InvestingAttitudeDetailUITests.swift */; };
		B0010400000000000000B400 /* TodayDetailProviding.swift in Sources */ = {isa = PBXBuildFile; fileRef = A0010400000000000000A400 /* TodayDetailProviding.swift */; };
		B0010401000000000000B401 /* TodayDetailView.swift in Sources */ = {isa = PBXBuildFile; fileRef = A0010401000000000000A401 /* TodayDetailView.swift */; };
		B0010402000000000000B402 /* TodayDetailViewTests.swift in Sources */ = {isa = PBXBuildFile; fileRef = A0010402000000000000A402 /* TodayDetailViewTests.swift */; };
		B0010403000000000000B403 /* TodayDetailUITests.swift in Sources */ = {isa = PBXBuildFile; fileRef = A0010403000000000000A403 /* TodayDetailUITests.swift */; };
		B0010500000000000000B500 /* EventDetailProviding.swift in Sources */ = {isa = PBXBuildFile; fileRef = A0010500000000000000A500 /* EventDetailProviding.swift */; };
		B0010501000000000000B501 /* EventDetailView.swift in Sources */ = {isa = PBXBuildFile; fileRef = A0010501000000000000A501 /* EventDetailView.swift */; };
		B0010502000000000000B502 /* EventDetailViewTests.swift in Sources */ = {isa = PBXBuildFile; fileRef = A0010502000000000000A502 /* EventDetailViewTests.swift */; };
		B0010503000000000000B503 /* EventDetailUITests.swift in Sources */ = {isa = PBXBuildFile; fileRef = A0010503000000000000A503 /* EventDetailUITests.swift */; };
		B0010600000000000000B600 /* MainTabContainerView.swift in Sources */ = {isa = PBXBuildFile; fileRef = A0010600000000000000A600 /* MainTabContainerView.swift */; };
		B0010610000000000000B610 /* SajuTabView.swift in Sources */ = {isa = PBXBuildFile; fileRef = A0010610000000000000A610 /* SajuTabView.swift */; };
		B0010611000000000000B611 /* SajuTabHeaderView.swift in Sources */ = {isa = PBXBuildFile; fileRef = A0010611000000000000A611 /* SajuTabHeaderView.swift */; };
		B0010612000000000000B612 /* SajuTabContentPlaceholderView.swift in Sources */ = {isa = PBXBuildFile; fileRef = A0010612000000000000A612 /* SajuTabContentPlaceholderView.swift */; };
		B0010613000000000000B613 /* SajuRoute.swift in Sources */ = {isa = PBXBuildFile; fileRef = A0010613000000000000A613 /* SajuRoute.swift */; };
		B0010614000000000000B614 /* SajuRouteDestinations.swift in Sources */ = {isa = PBXBuildFile; fileRef = A0010614000000000000A614 /* SajuRouteDestinations.swift */; };
		B0010615000000000000B615 /* SajuTabDependencies.swift in Sources */ = {isa = PBXBuildFile; fileRef = A0010615000000000000A615 /* SajuTabDependencies.swift */; };
		B0010620000000000000B620 /* UserSajuOriginProviding.swift in Sources */ = {isa = PBXBuildFile; fileRef = A0010620000000000000A620 /* UserSajuOriginProviding.swift */; };
		B0010621000000000000B621 /* SajuCategoriesProviding.swift in Sources */ = {isa = PBXBuildFile; fileRef = A0010621000000000000A621 /* SajuCategoriesProviding.swift */; };
		B0010622000000000000B622 /* SajuElementsDetailProviding.swift in Sources */ = {isa = PBXBuildFile; fileRef = A0010622000000000000A622 /* SajuElementsDetailProviding.swift */; };
		B0010623000000000000B623 /* SajuTenGodsDetailProviding.swift in Sources */ = {isa = PBXBuildFile; fileRef = A0010623000000000000A623 /* SajuTenGodsDetailProviding.swift */; };
		B0010624000000000000B624 /* SajuLearningPathProviding.swift in Sources */ = {isa = PBXBuildFile; fileRef = A0010624000000000000A624 /* SajuLearningPathProviding.swift */; };
		B0010625000000000000B625 /* SajuLessonProviding.swift in Sources */ = {isa = PBXBuildFile; fileRef = A0010625000000000000A625 /* SajuLessonProviding.swift */; };
		B0010630000000000000B630 /* SajuRouteTests.swift in Sources */ = {isa = PBXBuildFile; fileRef = A0010630000000000000A630 /* SajuRouteTests.swift */; };
		B0010631000000000000B631 /* SajuTabDependenciesTests.swift in Sources */ = {isa = PBXBuildFile; fileRef = A0010631000000000000A631 /* SajuTabDependenciesTests.swift */; };
		B0010632000000000000B632 /* SajuMockProvidersTests.swift in Sources */ = {isa = PBXBuildFile; fileRef = A0010632000000000000A632 /* SajuMockProvidersTests.swift */; };
		B0010640000000000000B640 /* SajuTabFoundationUITests.swift in Sources */ = {isa = PBXBuildFile; fileRef = A0010640000000000000A640 /* SajuTabFoundationUITests.swift */; };
		B0010700000000000000B700 /* SajuPillarCellView.swift in Sources */ = {isa = PBXBuildFile; fileRef = A0010700000000000000A700 /* SajuPillarCellView.swift */; };
		B0010701000000000000B701 /* SajuOriginCardView.swift in Sources */ = {isa = PBXBuildFile; fileRef = A0010701000000000000A701 /* SajuOriginCardView.swift */; };
		B0010702000000000000B702 /* SajuCategoryCardView.swift in Sources */ = {isa = PBXBuildFile; fileRef = A0010702000000000000A702 /* SajuCategoryCardView.swift */; };
		B0010703000000000000B703 /* SajuCategoriesSection.swift in Sources */ = {isa = PBXBuildFile; fileRef = A0010703000000000000A703 /* SajuCategoriesSection.swift */; };
		B0010704000000000000B704 /* SajuTabContentView.swift in Sources */ = {isa = PBXBuildFile; fileRef = A0010704000000000000A704 /* SajuTabContentView.swift */; };
		B0010705000000000000B705 /* SajuAboveFoldTests.swift in Sources */ = {isa = PBXBuildFile; fileRef = A0010705000000000000A705 /* SajuAboveFoldTests.swift */; };
		B0010706000000000000B706 /* SajuAboveFoldUITests.swift in Sources */ = {isa = PBXBuildFile; fileRef = A0010706000000000000A706 /* SajuAboveFoldUITests.swift */; };
		B0010730000000000000B730 /* SajuStudySectionView.swift in Sources */ = {isa = PBXBuildFile; fileRef = A0010730000000000000A730 /* SajuStudySectionView.swift */; };
		B0010731000000000000B731 /* SajuStudySectionHeaderView.swift in Sources */ = {isa = PBXBuildFile; fileRef = A0010731000000000000A731 /* SajuStudySectionHeaderView.swift */; };
		B0010732000000000000B732 /* SajuFeaturedLessonCardView.swift in Sources */ = {isa = PBXBuildFile; fileRef = A0010732000000000000A732 /* SajuFeaturedLessonCardView.swift */; };
		B0010733000000000000B733 /* SajuCourseGridView.swift in Sources */ = {isa = PBXBuildFile; fileRef = A0010733000000000000A733 /* SajuCourseGridView.swift */; };
		B0010734000000000000B734 /* SajuCourseCardView.swift in Sources */ = {isa = PBXBuildFile; fileRef = A0010734000000000000A734 /* SajuCourseCardView.swift */; };
		B0010735000000000000B735 /* SajuGlossaryCardView.swift in Sources */ = {isa = PBXBuildFile; fileRef = A0010735000000000000A735 /* SajuGlossaryCardView.swift */; };
		B0010736000000000000B736 /* SajuBelowFoldTests.swift in Sources */ = {isa = PBXBuildFile; fileRef = A0010736000000000000A736 /* SajuBelowFoldTests.swift */; };
		B0010737000000000000B737 /* SajuBelowFoldUITests.swift in Sources */ = {isa = PBXBuildFile; fileRef = A0010737000000000000A737 /* SajuBelowFoldUITests.swift */; };
/* End PBXBuildFile section */

/* Begin PBXContainerItemProxy section */
		0C3FC0EEDC8BF560C428F1B7 /* PBXContainerItemProxy */ = {
			isa = PBXContainerItemProxy;
			containerPortal = 716F5768A900A6C66017879D /* Project object */;
			proxyType = 1;
			remoteGlobalIDString = DD39A93CBB9AE53899ABB6B9;
			remoteInfo = Woontech;
		};
		AAB265173D1768268E2D2BB3 /* PBXContainerItemProxy */ = {
			isa = PBXContainerItemProxy;
			containerPortal = 716F5768A900A6C66017879D /* Project object */;
			proxyType = 1;
			remoteGlobalIDString = DD39A93CBB9AE53899ABB6B9;
			remoteInfo = Woontech;
		};
/* End PBXContainerItemProxy section */

/* Begin PBXFileReference section */
		02569F0B937606D05EB986F1 /* Localizable.strings */ = {isa = PBXFileReference; lastKnownFileType = text.plist.strings; name = Localizable.strings; path = ko.lproj/Localizable.strings; sourceTree = "<group>"; };
		03357E390570B305FE3765FC /* Woontech.app */ = {isa = PBXFileReference; includeInIndex = 0; lastKnownFileType = wrapper.application; path = Woontech.app; sourceTree = BUILT_PRODUCTS_DIR; };
		08401F1852801C16B0C81901 /* OnboardingContent.swift */ = {isa = PBXFileReference; lastKnownFileType = sourcecode.swift; path = OnboardingContent.swift; sourceTree = "<group>"; };
		087518D16D2CCEFF0C33D269 /* OnboardingStore.swift */ = {isa = PBXFileReference; lastKnownFileType = sourcecode.swift; path = OnboardingStore.swift; sourceTree = "<group>"; };
		267FF3811964764EF1E9DB25 /* OnboardingStoreTests.swift */ = {isa = PBXFileReference; lastKnownFileType = sourcecode.swift; path = OnboardingStoreTests.swift; sourceTree = "<group>"; };
		37ED5F66605992BA4E6AFAD9 /* OnboardingFlowModel.swift */ = {isa = PBXFileReference; lastKnownFileType = sourcecode.swift; path = OnboardingFlowModel.swift; sourceTree = "<group>"; };
		462F6E1094BC2B78720750A3 /* WoontechApp.swift */ = {isa = PBXFileReference; lastKnownFileType = sourcecode.swift; path = WoontechApp.swift; sourceTree = "<group>"; };
		4781947525E101E9C4376774 /* Assets.xcassets */ = {isa = PBXFileReference; lastKnownFileType = folder.assetcatalog; path = Assets.xcassets; sourceTree = "<group>"; };
		4CC3AB3F7A01628B2D1C1491 /* PrimaryButton.swift */ = {isa = PBXFileReference; lastKnownFileType = sourcecode.swift; path = PrimaryButton.swift; sourceTree = "<group>"; };
		50E02A39A4697609258292E6 /* RootView.swift */ = {isa = PBXFileReference; lastKnownFileType = sourcecode.swift; path = RootView.swift; sourceTree = "<group>"; };
		58C52BFF016D4560F028EAA8 /* DisclaimerCheckboxView.swift */ = {isa = PBXFileReference; lastKnownFileType = sourcecode.swift; path = DisclaimerCheckboxView.swift; sourceTree = "<group>"; };
		5C3A74E7D9698C5B4F24C778 /* OnboardingStepView.swift */ = {isa = PBXFileReference; lastKnownFileType = sourcecode.swift; path = OnboardingStepView.swift; sourceTree = "<group>"; };
		6E7C549E36616AECF819A8CA /* OnboardingFlowStateTests.swift */ = {isa = PBXFileReference; lastKnownFileType = sourcecode.swift; path = OnboardingFlowStateTests.swift; sourceTree = "<group>"; };
		702C0112632690D16DE08C4F /* OnboardingUITests.swift */ = {isa = PBXFileReference; lastKnownFileType = sourcecode.swift; path = OnboardingUITests.swift; sourceTree = "<group>"; };
		7F0394D3FFB2B768BCF36423 /* WoontechUITests.xctest */ = {isa = PBXFileReference; includeInIndex = 0; lastKnownFileType = wrapper.cfbundle; path = WoontechUITests.xctest; sourceTree = BUILT_PRODUCTS_DIR; };
		8F02C5F5FA1E7C282BE891C4 /* SajuInputPlaceholderView.swift */ = {isa = PBXFileReference; lastKnownFileType = sourcecode.swift; path = SajuInputPlaceholderView.swift; sourceTree = "<group>"; };
		A6A5DF045B3B3180AA789099 /* SplashView.swift */ = {isa = PBXFileReference; lastKnownFileType = sourcecode.swift; path = SplashView.swift; sourceTree = "<group>"; };
		C4B901D898BA88FAECCC27A1 /* DesignTokens.swift */ = {isa = PBXFileReference; lastKnownFileType = sourcecode.swift; path = DesignTokens.swift; sourceTree = "<group>"; };
		C644AABC878D71E9F9A95870 /* OnboardingView.swift */ = {isa = PBXFileReference; lastKnownFileType = sourcecode.swift; path = OnboardingView.swift; sourceTree = "<group>"; };
		DF6CF9165EF50341F3D4634D /* WoontechTests.xctest */ = {isa = PBXFileReference; includeInIndex = 0; lastKnownFileType = wrapper.cfbundle; path = WoontechTests.xctest; sourceTree = BUILT_PRODUCTS_DIR; };
		EC9B0FCAE7E62615F155A325 /* PageIndicatorView.swift */ = {isa = PBXFileReference; lastKnownFileType = sourcecode.swift; path = PageIndicatorView.swift; sourceTree = "<group>"; };
		A0010001000000000000A001 /* CityCatalog.swift */ = {isa = PBXFileReference; lastKnownFileType = sourcecode.swift; path = CityCatalog.swift; sourceTree = "<group>"; };
		A0010002000000000000A002 /* SajuAnalysisEngine.swift */ = {isa = PBXFileReference; lastKnownFileType = sourcecode.swift; path = SajuAnalysisEngine.swift; sourceTree = "<group>"; };
		A0010003000000000000A003 /* SajuFlowModel.swift */ = {isa = PBXFileReference; lastKnownFileType = sourcecode.swift; path = SajuFlowModel.swift; sourceTree = "<group>"; };
		A0010004000000000000A004 /* SajuInputModel.swift */ = {isa = PBXFileReference; lastKnownFileType = sourcecode.swift; path = SajuInputModel.swift; sourceTree = "<group>"; };
		A0010005000000000000A005 /* SajuInputStore.swift */ = {isa = PBXFileReference; lastKnownFileType = sourcecode.swift; path = SajuInputStore.swift; sourceTree = "<group>"; };
		A0010006000000000000A006 /* SajuResultModel.swift */ = {isa = PBXFileReference; lastKnownFileType = sourcecode.swift; path = SajuResultModel.swift; sourceTree = "<group>"; };
		A0010007000000000000A007 /* ShareCardRenderer.swift */ = {isa = PBXFileReference; lastKnownFileType = sourcecode.swift; path = ShareCardRenderer.swift; sourceTree = "<group>"; };
		A0010008000000000000A008 /* SolarTimeCalculator.swift */ = {isa = PBXFileReference; lastKnownFileType = sourcecode.swift; path = SolarTimeCalculator.swift; sourceTree = "<group>"; };
		A0010010000000000000A010 /* SajuCheckbox.swift */ = {isa = PBXFileReference; lastKnownFileType = sourcecode.swift; path = SajuCheckbox.swift; sourceTree = "<group>"; };
		A0010011000000000000A011 /* SajuSegmented.swift */ = {isa = PBXFileReference; lastKnownFileType = sourcecode.swift; path = SajuSegmented.swift; sourceTree = "<group>"; };
		A0010012000000000000A012 /* SajuStepScaffold.swift */ = {isa = PBXFileReference; lastKnownFileType = sourcecode.swift; path = SajuStepScaffold.swift; sourceTree = "<group>"; };
		A0010013000000000000A013 /* SajuToggleRow.swift */ = {isa = PBXFileReference; lastKnownFileType = sourcecode.swift; path = SajuToggleRow.swift; sourceTree = "<group>"; };
		A0010014000000000000A014 /* StepProgressBarView.swift */ = {isa = PBXFileReference; lastKnownFileType = sourcecode.swift; path = StepProgressBarView.swift; sourceTree = "<group>"; };
		A0010015000000000000A015 /* WheelPicker.swift */ = {isa = PBXFileReference; lastKnownFileType = sourcecode.swift; path = WheelPicker.swift; sourceTree = "<group>"; };
		A0010020000000000000A020 /* SajuInputFlowView.swift */ = {isa = PBXFileReference; lastKnownFileType = sourcecode.swift; path = SajuInputFlowView.swift; sourceTree = "<group>"; };
		A0010021000000000000A021 /* Step1GenderView.swift */ = {isa = PBXFileReference; lastKnownFileType = sourcecode.swift; path = Step1GenderView.swift; sourceTree = "<group>"; };
		A0010022000000000000A022 /* Step2NameView.swift */ = {isa = PBXFileReference; lastKnownFileType = sourcecode.swift; path = Step2NameView.swift; sourceTree = "<group>"; };
		A0010023000000000000A023 /* Step3BirthDateView.swift */ = {isa = PBXFileReference; lastKnownFileType = sourcecode.swift; path = Step3BirthDateView.swift; sourceTree = "<group>"; };
		A0010024000000000000A024 /* Step4BirthTimeView.swift */ = {isa = PBXFileReference; lastKnownFileType = sourcecode.swift; path = Step4BirthTimeView.swift; sourceTree = "<group>"; };
		A0010025000000000000A025 /* Step5BirthPlaceView.swift */ = {isa = PBXFileReference; lastKnownFileType = sourcecode.swift; path = Step5BirthPlaceView.swift; sourceTree = "<group>"; };
		A0010026000000000000A026 /* Step6SolarTimeView.swift */ = {isa = PBXFileReference; lastKnownFileType = sourcecode.swift; path = Step6SolarTimeView.swift; sourceTree = "<group>"; };
		A0010027000000000000A027 /* Step7LoaderView.swift */ = {isa = PBXFileReference; lastKnownFileType = sourcecode.swift; path = Step7LoaderView.swift; sourceTree = "<group>"; };
		A0010030000000000000A030 /* Step8ResultView.swift */ = {isa = PBXFileReference; lastKnownFileType = sourcecode.swift; path = Step8ResultView.swift; sourceTree = "<group>"; };
		A0010031000000000000A031 /* HeroTypeCardView.swift */ = {isa = PBXFileReference; lastKnownFileType = sourcecode.swift; path = HeroTypeCardView.swift; sourceTree = "<group>"; };
		A0010032000000000000A032 /* SajuMiniChartView.swift */ = {isa = PBXFileReference; lastKnownFileType = sourcecode.swift; path = SajuMiniChartView.swift; sourceTree = "<group>"; };
		A0010034000000000000A034 /* BulletListView.swift */ = {isa = PBXFileReference; lastKnownFileType = sourcecode.swift; path = BulletListView.swift; sourceTree = "<group>"; };
		A0010035000000000000A035 /* AccuracyBadgeView.swift */ = {isa = PBXFileReference; lastKnownFileType = sourcecode.swift; path = AccuracyBadgeView.swift; sourceTree = "<group>"; };
		A0010036000000000000A036 /* ShareCardView.swift */ = {isa = PBXFileReference; lastKnownFileType = sourcecode.swift; path = ShareCardView.swift; sourceTree = "<group>"; };
		A0010040000000000000A040 /* Step85SignUpView.swift */ = {isa = PBXFileReference; lastKnownFileType = sourcecode.swift; path = Step85SignUpView.swift; sourceTree = "<group>"; };
		A0010050000000000000A050 /* Step10ReferralView.swift */ = {isa = PBXFileReference; lastKnownFileType = sourcecode.swift; path = Step10ReferralView.swift; sourceTree = "<group>"; };
		A0010061000000000000A061 /* HomeRoute.swift */ = {isa = PBXFileReference; lastKnownFileType = sourcecode.swift; path = HomeRoute.swift; sourceTree = "<group>"; };
		A0010062000000000000A062 /* HomeDependencies.swift */ = {isa = PBXFileReference; lastKnownFileType = sourcecode.swift; path = HomeDependencies.swift; sourceTree = "<group>"; };
		A0010063000000000000A063 /* HomeDashboardView.swift */ = {isa = PBXFileReference; lastKnownFileType = sourcecode.swift; path = HomeDashboardView.swift; sourceTree = "<group>"; };
		A0010064000000000000A064 /* HomeHeaderView.swift */ = {isa = PBXFileReference; lastKnownFileType = sourcecode.swift; path = HomeHeaderView.swift; sourceTree = "<group>"; };
		A0010065000000000000A065 /* HomeRouteDestinations.swift */ = {isa = PBXFileReference; lastKnownFileType = sourcecode.swift; path = HomeRouteDestinations.swift; sourceTree = "<group>"; };
		A0010066000000000000A066 /* UserProfileProviding.swift */ = {isa = PBXFileReference; lastKnownFileType = sourcecode.swift; path = UserProfileProviding.swift; sourceTree = "<group>"; };
		A0010067000000000000A067 /* NotificationCenterProviding.swift */ = {isa = PBXFileReference; lastKnownFileType = sourcecode.swift; path = NotificationCenterProviding.swift; sourceTree = "<group>"; };
		A0010068000000000000A068 /* HeroInvestingProviding.swift */ = {isa = PBXFileReference; lastKnownFileType = sourcecode.swift; path = HeroInvestingProviding.swift; sourceTree = "<group>"; };
		A0010069000000000000A069 /* InsightsProviding.swift */ = {isa = PBXFileReference; lastKnownFileType = sourcecode.swift; path = InsightsProviding.swift; sourceTree = "<group>"; };
		A001006A000000000000A06A /* WeeklyEventsProviding.swift */ = {isa = PBXFileReference; lastKnownFileType = sourcecode.swift; path = WeeklyEventsProviding.swift; sourceTree = "<group>"; };
		A001006B000000000000A06B /* HomeDashboardTests.swift */ = {isa = PBXFileReference; lastKnownFileType = sourcecode.swift; path = HomeDashboardTests.swift; sourceTree = "<group>"; };
		A001006C000000000000A06C /* HomeDashboardUITests.swift */ = {isa = PBXFileReference; lastKnownFileType = sourcecode.swift; path = HomeDashboardUITests.swift; sourceTree = "<group>"; };
		A001006D000000000000A06D /* CollectionExtensions.swift */ = {isa = PBXFileReference; lastKnownFileType = sourcecode.swift; path = CollectionExtensions.swift; sourceTree = "<group>"; };
		A001006E000000000000A06E /* HeroInvestingCardView.swift */ = {isa = PBXFileReference; lastKnownFileType = sourcecode.swift; path = HeroInvestingCardView.swift; sourceTree = "<group>"; };
		A001006F000000000000A06F /* InsightCardView.swift */ = {isa = PBXFileReference; lastKnownFileType = sourcecode.swift; path = InsightCardView.swift; sourceTree = "<group>"; };
		A0010070000000000000A070 /* WeeklyEvent.swift */ = {isa = PBXFileReference; lastKnownFileType = sourcecode.swift; path = WeeklyEvent.swift; sourceTree = "<group>"; };
		A0010071000000000000A071 /* DisclaimerView.swift */ = {isa = PBXFileReference; lastKnownFileType = sourcecode.swift; path = DisclaimerView.swift; sourceTree = "<group>"; };
		A0010072000000000000A072 /* EventCardView.swift */ = {isa = PBXFileReference; lastKnownFileType = sourcecode.swift; path = EventCardView.swift; sourceTree = "<group>"; };
		A0010073000000000000A073 /* WeeklyEventsSection.swift */ = {isa = PBXFileReference; lastKnownFileType = sourcecode.swift; path = WeeklyEventsSection.swift; sourceTree = "<group>"; };
		A0010074000000000000A074 /* ShareHookCard.swift */ = {isa = PBXFileReference; lastKnownFileType = sourcecode.swift; path = ShareHookCard.swift; sourceTree = "<group>"; };
		A0010075000000000000A075 /* ProTeaserCard.swift */ = {isa = PBXFileReference; lastKnownFileType = sourcecode.swift; path = ProTeaserCard.swift; sourceTree = "<group>"; };
		A0010076000000000000A076 /* WeeklyEventsTests.swift */ = {isa = PBXFileReference; lastKnownFileType = sourcecode.swift; path = WeeklyEventsTests.swift; sourceTree = "<group>"; };
		A0010101000000000000A101 /* SajuInputModelTests.swift */ = {isa = PBXFileReference; lastKnownFileType = sourcecode.swift; path = SajuInputModelTests.swift; sourceTree = "<group>"; };
		A0010102000000000000A102 /* SajuFlowModelTests.swift */ = {isa = PBXFileReference; lastKnownFileType = sourcecode.swift; path = SajuFlowModelTests.swift; sourceTree = "<group>"; };
		A0010103000000000000A103 /* SolarTimeCalculatorTests.swift */ = {isa = PBXFileReference; lastKnownFileType = sourcecode.swift; path = SolarTimeCalculatorTests.swift; sourceTree = "<group>"; };
		A0010104000000000000A104 /* SajuAnalysisEngineTests.swift */ = {isa = PBXFileReference; lastKnownFileType = sourcecode.swift; path = SajuAnalysisEngineTests.swift; sourceTree = "<group>"; };
		A0010105000000000000A105 /* CityCatalogTests.swift */ = {isa = PBXFileReference; lastKnownFileType = sourcecode.swift; path = CityCatalogTests.swift; sourceTree = "<group>"; };
		A0010106000000000000A106 /* SajuInputStorePersistenceTests.swift */ = {isa = PBXFileReference; lastKnownFileType = sourcecode.swift; path = SajuInputStorePersistenceTests.swift; sourceTree = "<group>"; };
		A0010107000000000000A107 /* SajuResultAccuracyTests.swift */ = {isa = PBXFileReference; lastKnownFileType = sourcecode.swift; path = SajuResultAccuracyTests.swift; sourceTree = "<group>"; };
		A0010201000000000000A201 /* SajuInputUITests.swift */ = {isa = PBXFileReference; lastKnownFileType = sourcecode.swift; path = SajuInputUITests.swift; sourceTree = "<group>"; };
		A0010202000000000000A202 /* SajuResultUITests.swift */ = {isa = PBXFileReference; lastKnownFileType = sourcecode.swift; path = SajuResultUITests.swift; sourceTree = "<group>"; };
		A0010203000000000000A203 /* SajuSignUpUITests.swift */ = {isa = PBXFileReference; lastKnownFileType = sourcecode.swift; path = SajuSignUpUITests.swift; sourceTree = "<group>"; };
		A0010204000000000000A204 /* SajuReferralUITests.swift */ = {isa = PBXFileReference; lastKnownFileType = sourcecode.swift; path = SajuReferralUITests.swift; sourceTree = "<group>"; };
		A0010205000000000000A205 /* SajuAccessibilityUITests.swift */ = {isa = PBXFileReference; lastKnownFileType = sourcecode.swift; path = SajuAccessibilityUITests.swift; sourceTree = "<group>"; };
		A0010206000000000000A206 /* AppLaunchContractUITests.swift */ = {isa = PBXFileReference; lastKnownFileType = sourcecode.swift; path = AppLaunchContractUITests.swift; sourceTree = "<group>"; };
		A0010300000000000000A300 /* InvestingAttitudeDetailProviding.swift */ = {isa = PBXFileReference; lastKnownFileType = sourcecode.swift; path = InvestingAttitudeDetailProviding.swift; sourceTree = "<group>"; };
		A0010301000000000000A301 /* InvestingAttitudeDetailView.swift */ = {isa = PBXFileReference; lastKnownFileType = sourcecode.swift; path = InvestingAttitudeDetailView.swift; sourceTree = "<group>"; };
		A0010302000000000000A302 /* InvestingAttitudeDetailViewTests.swift */ = {isa = PBXFileReference; lastKnownFileType = sourcecode.swift; path = InvestingAttitudeDetailViewTests.swift; sourceTree = "<group>"; };
		A0010303000000000000A303 /* InvestingAttitudeDetailUITests.swift */ = {isa = PBXFileReference; lastKnownFileType = sourcecode.swift; path = InvestingAttitudeDetailUITests.swift; sourceTree = "<group>"; };
		A0010400000000000000A400 /* TodayDetailProviding.swift */ = {isa = PBXFileReference; lastKnownFileType = sourcecode.swift; path = TodayDetailProviding.swift; sourceTree = "<group>"; };
		A0010401000000000000A401 /* TodayDetailView.swift */ = {isa = PBXFileReference; lastKnownFileType = sourcecode.swift; path = TodayDetailView.swift; sourceTree = "<group>"; };
		A0010402000000000000A402 /* TodayDetailViewTests.swift */ = {isa = PBXFileReference; lastKnownFileType = sourcecode.swift; path = TodayDetailViewTests.swift; sourceTree = "<group>"; };
		A0010403000000000000A403 /* TodayDetailUITests.swift */ = {isa = PBXFileReference; lastKnownFileType = sourcecode.swift; path = TodayDetailUITests.swift; sourceTree = "<group>"; };
		A0010500000000000000A500 /* EventDetailProviding.swift */ = {isa = PBXFileReference; lastKnownFileType = sourcecode.swift; path = EventDetailProviding.swift; sourceTree = "<group>"; };
		A0010501000000000000A501 /* EventDetailView.swift */ = {isa = PBXFileReference; lastKnownFileType = sourcecode.swift; path = EventDetailView.swift; sourceTree = "<group>"; };
		A0010502000000000000A502 /* EventDetailViewTests.swift */ = {isa = PBXFileReference; lastKnownFileType = sourcecode.swift; path = EventDetailViewTests.swift; sourceTree = "<group>"; };
		A0010503000000000000A503 /* EventDetailUITests.swift */ = {isa = PBXFileReference; lastKnownFileType = sourcecode.swift; path = EventDetailUITests.swift; sourceTree = "<group>"; };
		A0010600000000000000A600 /* MainTabContainerView.swift */ = {isa = PBXFileReference; lastKnownFileType = sourcecode.swift; path = MainTabContainerView.swift; sourceTree = "<group>"; };
		A0010610000000000000A610 /* SajuTabView.swift */ = {isa = PBXFileReference; lastKnownFileType = sourcecode.swift; path = SajuTabView.swift; sourceTree = "<group>"; };
		A0010611000000000000A611 /* SajuTabHeaderView.swift */ = {isa = PBXFileReference; lastKnownFileType = sourcecode.swift; path = SajuTabHeaderView.swift; sourceTree = "<group>"; };
		A0010612000000000000A612 /* SajuTabContentPlaceholderView.swift */ = {isa = PBXFileReference; lastKnownFileType = sourcecode.swift; path = SajuTabContentPlaceholderView.swift; sourceTree = "<group>"; };
		A0010613000000000000A613 /* SajuRoute.swift */ = {isa = PBXFileReference; lastKnownFileType = sourcecode.swift; path = SajuRoute.swift; sourceTree = "<group>"; };
		A0010614000000000000A614 /* SajuRouteDestinations.swift */ = {isa = PBXFileReference; lastKnownFileType = sourcecode.swift; path = SajuRouteDestinations.swift; sourceTree = "<group>"; };
		A0010615000000000000A615 /* SajuTabDependencies.swift */ = {isa = PBXFileReference; lastKnownFileType = sourcecode.swift; path = SajuTabDependencies.swift; sourceTree = "<group>"; };
		A0010620000000000000A620 /* UserSajuOriginProviding.swift */ = {isa = PBXFileReference; lastKnownFileType = sourcecode.swift; path = UserSajuOriginProviding.swift; sourceTree = "<group>"; };
		A0010621000000000000A621 /* SajuCategoriesProviding.swift */ = {isa = PBXFileReference; lastKnownFileType = sourcecode.swift; path = SajuCategoriesProviding.swift; sourceTree = "<group>"; };
		A0010622000000000000A622 /* SajuElementsDetailProviding.swift */ = {isa = PBXFileReference; lastKnownFileType = sourcecode.swift; path = SajuElementsDetailProviding.swift; sourceTree = "<group>"; };
		A0010623000000000000A623 /* SajuTenGodsDetailProviding.swift */ = {isa = PBXFileReference; lastKnownFileType = sourcecode.swift; path = SajuTenGodsDetailProviding.swift; sourceTree = "<group>"; };
		A0010624000000000000A624 /* SajuLearningPathProviding.swift */ = {isa = PBXFileReference; lastKnownFileType = sourcecode.swift; path = SajuLearningPathProviding.swift; sourceTree = "<group>"; };
		A0010625000000000000A625 /* SajuLessonProviding.swift */ = {isa = PBXFileReference; lastKnownFileType = sourcecode.swift; path = SajuLessonProviding.swift; sourceTree = "<group>"; };
		A0010630000000000000A630 /* SajuRouteTests.swift */ = {isa = PBXFileReference; lastKnownFileType = sourcecode.swift; path = SajuRouteTests.swift; sourceTree = "<group>"; };
		A0010631000000000000A631 /* SajuTabDependenciesTests.swift */ = {isa = PBXFileReference; lastKnownFileType = sourcecode.swift; path = SajuTabDependenciesTests.swift; sourceTree = "<group>"; };
		A0010632000000000000A632 /* SajuMockProvidersTests.swift */ = {isa = PBXFileReference; lastKnownFileType = sourcecode.swift; path = SajuMockProvidersTests.swift; sourceTree = "<group>"; };
		A0010640000000000000A640 /* SajuTabFoundationUITests.swift */ = {isa = PBXFileReference; lastKnownFileType = sourcecode.swift; path = SajuTabFoundationUITests.swift; sourceTree = "<group>"; };
		A0010700000000000000A700 /* SajuPillarCellView.swift */ = {isa = PBXFileReference; lastKnownFileType = sourcecode.swift; path = SajuPillarCellView.swift; sourceTree = "<group>"; };
		A0010701000000000000A701 /* SajuOriginCardView.swift */ = {isa = PBXFileReference; lastKnownFileType = sourcecode.swift; path = SajuOriginCardView.swift; sourceTree = "<group>"; };
		A0010702000000000000A702 /* SajuCategoryCardView.swift */ = {isa = PBXFileReference; lastKnownFileType = sourcecode.swift; path = SajuCategoryCardView.swift; sourceTree = "<group>"; };
		A0010703000000000000A703 /* SajuCategoriesSection.swift */ = {isa = PBXFileReference; lastKnownFileType = sourcecode.swift; path = SajuCategoriesSection.swift; sourceTree = "<group>"; };
		A0010704000000000000A704 /* SajuTabContentView.swift */ = {isa = PBXFileReference; lastKnownFileType = sourcecode.swift; path = SajuTabContentView.swift; sourceTree = "<group>"; };
		A0010705000000000000A705 /* SajuAboveFoldTests.swift */ = {isa = PBXFileReference; lastKnownFileType = sourcecode.swift; path = SajuAboveFoldTests.swift; sourceTree = "<group>"; };
		A0010706000000000000A706 /* SajuAboveFoldUITests.swift */ = {isa = PBXFileReference; lastKnownFileType = sourcecode.swift; path = SajuAboveFoldUITests.swift; sourceTree = "<group>"; };
		A0010730000000000000A730 /* SajuStudySectionView.swift */ = {isa = PBXFileReference; lastKnownFileType = sourcecode.swift; path = SajuStudySectionView.swift; sourceTree = "<group>"; };
		A0010731000000000000A731 /* SajuStudySectionHeaderView.swift */ = {isa = PBXFileReference; lastKnownFileType = sourcecode.swift; path = SajuStudySectionHeaderView.swift; sourceTree = "<group>"; };
		A0010732000000000000A732 /* SajuFeaturedLessonCardView.swift */ = {isa = PBXFileReference; lastKnownFileType = sourcecode.swift; path = SajuFeaturedLessonCardView.swift; sourceTree = "<group>"; };
		A0010733000000000000A733 /* SajuCourseGridView.swift */ = {isa = PBXFileReference; lastKnownFileType = sourcecode.swift; path = SajuCourseGridView.swift; sourceTree = "<group>"; };
		A0010734000000000000A734 /* SajuCourseCardView.swift */ = {isa = PBXFileReference; lastKnownFileType = sourcecode.swift; path = SajuCourseCardView.swift; sourceTree = "<group>"; };
		A0010735000000000000A735 /* SajuGlossaryCardView.swift */ = {isa = PBXFileReference; lastKnownFileType = sourcecode.swift; path = SajuGlossaryCardView.swift; sourceTree = "<group>"; };
		A0010736000000000000A736 /* SajuBelowFoldTests.swift */ = {isa = PBXFileReference; lastKnownFileType = sourcecode.swift; path = SajuBelowFoldTests.swift; sourceTree = "<group>"; };
		A0010737000000000000A737 /* SajuBelowFoldUITests.swift */ = {isa = PBXFileReference; lastKnownFileType = sourcecode.swift; path = SajuBelowFoldUITests.swift; sourceTree = "<group>"; };
/* End PBXFileReference section */

/* Begin PBXGroup section */
		0EAF19F02DA02F27098FAA42 /* Onboarding */ = {
			isa = PBXGroup;
			children = (
				58C52BFF016D4560F028EAA8 /* DisclaimerCheckboxView.swift */,
				08401F1852801C16B0C81901 /* OnboardingContent.swift */,
				5C3A74E7D9698C5B4F24C778 /* OnboardingStepView.swift */,
				C644AABC878D71E9F9A95870 /* OnboardingView.swift */,
				EC9B0FCAE7E62615F155A325 /* PageIndicatorView.swift */,
				4CC3AB3F7A01628B2D1C1491 /* PrimaryButton.swift */,
			);
			path = Onboarding;
			sourceTree = "<group>";
		};
		1865F97C6A62F790991AF14D /* Resources */ = {
			isa = PBXGroup;
			children = (
				4781947525E101E9C4376774 /* Assets.xcassets */,
				02569F0B937606D05EB986F1 /* Localizable.strings */,
			);
			path = Resources;
			sourceTree = "<group>";
		};
		208CA9F8925CC6A9024D2C1C = {
			isa = PBXGroup;
			children = (
				3F4DD046034C73D8B99C2E7D /* Woontech */,
				F820527970DB7957FFA9B65E /* WoontechTests */,
				A054AB5A9DB9BFF9AD6B6FA9 /* WoontechUITests */,
				C05C4011366127DE38B8F34B /* Products */,
			);
			sourceTree = "<group>";
		};
		3F4DD046034C73D8B99C2E7D /* Woontech */ = {
			isa = PBXGroup;
			children = (
				F34F5761E850EC6ED79A9D7F /* App */,
				8EC1E076CEB175284A1A2C2E /* Features */,
				1865F97C6A62F790991AF14D /* Resources */,
				7B6FD085F57360344B6F63B8 /* Shared */,
			);
			path = Woontech;
			sourceTree = "<group>";
		};
		73994D50D22E9D283929B2DA /* SajuInput */ = {
			isa = PBXGroup;
			children = (
				8F02C5F5FA1E7C282BE891C4 /* SajuInputPlaceholderView.swift */,
				A0010020000000000000A020 /* SajuInputFlowView.swift */,
				A0010901000000000000A901 /* Shared */,
				A0010902000000000000A902 /* Steps */,
				A0010903000000000000A903 /* Result */,
				A0010904000000000000A904 /* SignUp */,
				A0010905000000000000A905 /* Referral */,
			);
			path = SajuInput;
			sourceTree = "<group>";
		};
		A0010910000000000000A910 /* Models */ = {
			isa = PBXGroup;
			children = (
				A0010070000000000000A070 /* WeeklyEvent.swift */,
			);
			path = Models;
			sourceTree = "<group>";
		};
		7B6FD085F57360344B6F63B8 /* Shared */ = {
			isa = PBXGroup;
			children = (
				A0010910000000000000A910 /* Models */,
				C4B901D898BA88FAECCC27A1 /* DesignTokens.swift */,
				A001006D000000000000A06D /* CollectionExtensions.swift */,
				37ED5F66605992BA4E6AFAD9 /* OnboardingFlowModel.swift */,
				087518D16D2CCEFF0C33D269 /* OnboardingStore.swift */,
				A0010001000000000000A001 /* CityCatalog.swift */,
				A0010002000000000000A002 /* SajuAnalysisEngine.swift */,
				A0010003000000000000A003 /* SajuFlowModel.swift */,
				A0010004000000000000A004 /* SajuInputModel.swift */,
				A0010005000000000000A005 /* SajuInputStore.swift */,
				A0010006000000000000A006 /* SajuResultModel.swift */,
				A0010007000000000000A007 /* ShareCardRenderer.swift */,
				A0010008000000000000A008 /* SolarTimeCalculator.swift */,
			);
			path = Shared;
			sourceTree = "<group>";
		};
		8EC1E076CEB175284A1A2C2E /* Features */ = {
			isa = PBXGroup;
			children = (
				A0010906000000000000A906 /* Home */,
				0EAF19F02DA02F27098FAA42 /* Onboarding */,
				73994D50D22E9D283929B2DA /* SajuInput */,
				9DC8AE54A45A6CABBF6C7939 /* Splash */,
				A0010650000000000000A650 /* Saju */,
			);
			path = Features;
			sourceTree = "<group>";
		};
		A0010650000000000000A650 /* Saju */ = {
			isa = PBXGroup;
			children = (
				A0010651000000000000A651 /* Providers */,
				A0010710000000000000A710 /* AboveFold */,
				A0010720000000000000A720 /* BelowFold */,
				A0010610000000000000A610 /* SajuTabView.swift */,
				A0010611000000000000A611 /* SajuTabHeaderView.swift */,
				A0010612000000000000A612 /* SajuTabContentPlaceholderView.swift */,
				A0010704000000000000A704 /* SajuTabContentView.swift */,
				A0010613000000000000A613 /* SajuRoute.swift */,
				A0010614000000000000A614 /* SajuRouteDestinations.swift */,
				A0010615000000000000A615 /* SajuTabDependencies.swift */,
			);
			path = Saju;
			sourceTree = "<group>";
		};
		A0010710000000000000A710 /* AboveFold */ = {
			isa = PBXGroup;
			children = (
				A0010700000000000000A700 /* SajuPillarCellView.swift */,
				A0010701000000000000A701 /* SajuOriginCardView.swift */,
				A0010702000000000000A702 /* SajuCategoryCardView.swift */,
				A0010703000000000000A703 /* SajuCategoriesSection.swift */,
			);
			path = AboveFold;
			sourceTree = "<group>";
		};
		A0010720000000000000A720 /* BelowFold */ = {
			isa = PBXGroup;
			children = (
				A0010730000000000000A730 /* SajuStudySectionView.swift */,
				A0010731000000000000A731 /* SajuStudySectionHeaderView.swift */,
				A0010732000000000000A732 /* SajuFeaturedLessonCardView.swift */,
				A0010733000000000000A733 /* SajuCourseGridView.swift */,
				A0010734000000000000A734 /* SajuCourseCardView.swift */,
				A0010735000000000000A735 /* SajuGlossaryCardView.swift */,
			);
			path = BelowFold;
			sourceTree = "<group>";
		};
		A0010651000000000000A651 /* Providers */ = {
			isa = PBXGroup;
			children = (
				A0010620000000000000A620 /* UserSajuOriginProviding.swift */,
				A0010621000000000000A621 /* SajuCategoriesProviding.swift */,
				A0010622000000000000A622 /* SajuElementsDetailProviding.swift */,
				A0010623000000000000A623 /* SajuTenGodsDetailProviding.swift */,
				A0010624000000000000A624 /* SajuLearningPathProviding.swift */,
				A0010625000000000000A625 /* SajuLessonProviding.swift */,
			);
			path = Providers;
			sourceTree = "<group>";
		};
		A0010660000000000000A660 /* Saju */ = {
			isa = PBXGroup;
			children = (
				A0010630000000000000A630 /* SajuRouteTests.swift */,
				A0010631000000000000A631 /* SajuTabDependenciesTests.swift */,
				A0010632000000000000A632 /* SajuMockProvidersTests.swift */,
				A0010705000000000000A705 /* SajuAboveFoldTests.swift */,
				A0010736000000000000A736 /* SajuBelowFoldTests.swift */,
			);
			path = Saju;
			sourceTree = "<group>";
		};
		A0010670000000000000A670 /* Saju */ = {
			isa = PBXGroup;
			children = (
				A0010640000000000000A640 /* SajuTabFoundationUITests.swift */,
				A0010706000000000000A706 /* SajuAboveFoldUITests.swift */,
				A0010737000000000000A737 /* SajuBelowFoldUITests.swift */,
			);
			path = Saju;
			sourceTree = "<group>";
		};
		9DC8AE54A45A6CABBF6C7939 /* Splash */ = {
			isa = PBXGroup;
			children = (
				A6A5DF045B3B3180AA789099 /* SplashView.swift */,
			);
			path = Splash;
			sourceTree = "<group>";
		};
		A054AB5A9DB9BFF9AD6B6FA9 /* WoontechUITests */ = {
			isa = PBXGroup;
			children = (
				A0010909000000000000A909 /* Home */,
				A0010670000000000000A670 /* Saju */,
				702C0112632690D16DE08C4F /* OnboardingUITests.swift */,
				A0010201000000000000A201 /* SajuInputUITests.swift */,
				A0010202000000000000A202 /* SajuResultUITests.swift */,
				A0010203000000000000A203 /* SajuSignUpUITests.swift */,
				A0010204000000000000A204 /* SajuReferralUITests.swift */,
				A0010205000000000000A205 /* SajuAccessibilityUITests.swift */,
				A0010206000000000000A206 /* AppLaunchContractUITests.swift */,
			);
			path = WoontechUITests;
			sourceTree = "<group>";
		};
		A0010909000000000000A909 /* Home */ = {
			isa = PBXGroup;
			children = (
				A001006C000000000000A06C /* HomeDashboardUITests.swift */,
				A0010303000000000000A303 /* InvestingAttitudeDetailUITests.swift */,
				A0010403000000000000A403 /* TodayDetailUITests.swift */,
				A0010503000000000000A503 /* EventDetailUITests.swift */,
			);
			path = Home;
			sourceTree = "<group>";
		};
		C05C4011366127DE38B8F34B /* Products */ = {
			isa = PBXGroup;
			children = (
				03357E390570B305FE3765FC /* Woontech.app */,
				DF6CF9165EF50341F3D4634D /* WoontechTests.xctest */,
				7F0394D3FFB2B768BCF36423 /* WoontechUITests.xctest */,
			);
			name = Products;
			sourceTree = "<group>";
		};
		F34F5761E850EC6ED79A9D7F /* App */ = {
			isa = PBXGroup;
			children = (
				50E02A39A4697609258292E6 /* RootView.swift */,
				462F6E1094BC2B78720750A3 /* WoontechApp.swift */,
				A0010600000000000000A600 /* MainTabContainerView.swift */,
			);
			path = App;
			sourceTree = "<group>";
		};
		F820527970DB7957FFA9B65E /* WoontechTests */ = {
			isa = PBXGroup;
			children = (
				A0010908000000000000A908 /* Home */,
				A0010660000000000000A660 /* Saju */,
				6E7C549E36616AECF819A8CA /* OnboardingFlowStateTests.swift */,
				267FF3811964764EF1E9DB25 /* OnboardingStoreTests.swift */,
				A0010101000000000000A101 /* SajuInputModelTests.swift */,
				A0010102000000000000A102 /* SajuFlowModelTests.swift */,
				A0010103000000000000A103 /* SolarTimeCalculatorTests.swift */,
				A0010104000000000000A104 /* SajuAnalysisEngineTests.swift */,
				A0010105000000000000A105 /* CityCatalogTests.swift */,
				A0010106000000000000A106 /* SajuInputStorePersistenceTests.swift */,
				A0010107000000000000A107 /* SajuResultAccuracyTests.swift */,
			);
			path = WoontechTests;
			sourceTree = "<group>";
		};
		A0010908000000000000A908 /* Home */ = {
			isa = PBXGroup;
			children = (
				A001006B000000000000A06B /* HomeDashboardTests.swift */,
				A0010076000000000000A076 /* WeeklyEventsTests.swift */,
				A0010302000000000000A302 /* InvestingAttitudeDetailViewTests.swift */,
				A0010402000000000000A402 /* TodayDetailViewTests.swift */,
				A0010502000000000000A502 /* EventDetailViewTests.swift */,
			);
			path = Home;
			sourceTree = "<group>";
		};
		A0010901000000000000A901 /* Shared */ = {
			isa = PBXGroup;
			children = (
				A0010010000000000000A010 /* SajuCheckbox.swift */,
				A0010011000000000000A011 /* SajuSegmented.swift */,
				A0010012000000000000A012 /* SajuStepScaffold.swift */,
				A0010013000000000000A013 /* SajuToggleRow.swift */,
				A0010014000000000000A014 /* StepProgressBarView.swift */,
				A0010015000000000000A015 /* WheelPicker.swift */,
			);
			path = Shared;
			sourceTree = "<group>";
		};
		A0010902000000000000A902 /* Steps */ = {
			isa = PBXGroup;
			children = (
				A0010021000000000000A021 /* Step1GenderView.swift */,
				A0010022000000000000A022 /* Step2NameView.swift */,
				A0010023000000000000A023 /* Step3BirthDateView.swift */,
				A0010024000000000000A024 /* Step4BirthTimeView.swift */,
				A0010025000000000000A025 /* Step5BirthPlaceView.swift */,
				A0010026000000000000A026 /* Step6SolarTimeView.swift */,
				A0010027000000000000A027 /* Step7LoaderView.swift */,
			);
			path = Steps;
			sourceTree = "<group>";
		};
		A0010903000000000000A903 /* Result */ = {
			isa = PBXGroup;
			children = (
				A0010030000000000000A030 /* Step8ResultView.swift */,
				A0010031000000000000A031 /* HeroTypeCardView.swift */,
				A0010032000000000000A032 /* SajuMiniChartView.swift */,
				A0010034000000000000A034 /* BulletListView.swift */,
				A0010035000000000000A035 /* AccuracyBadgeView.swift */,
				A0010036000000000000A036 /* ShareCardView.swift */,
			);
			path = Result;
			sourceTree = "<group>";
		};
		A0010904000000000000A904 /* SignUp */ = {
			isa = PBXGroup;
			children = (
				A0010040000000000000A040 /* Step85SignUpView.swift */,
			);
			path = SignUp;
			sourceTree = "<group>";
		};
		A0010905000000000000A905 /* Referral */ = {
			isa = PBXGroup;
			children = (
				A0010050000000000000A050 /* Step10ReferralView.swift */,
			);
			path = Referral;
			sourceTree = "<group>";
		};
		A0010911000000000000A911 /* Views */ = {
			isa = PBXGroup;
			children = (
				A0010072000000000000A072 /* EventCardView.swift */,
			);
			path = Views;
			sourceTree = "<group>";
		};
		A0010906000000000000A906 /* Home */ = {
			isa = PBXGroup;
			children = (
				A0010907000000000000A907 /* Providers */,
				A0010912000000000000A912 /* Detail */,
				A0010911000000000000A911 /* Views */,
				A0010061000000000000A061 /* HomeRoute.swift */,
				A0010062000000000000A062 /* HomeDependencies.swift */,
				A0010063000000000000A063 /* HomeDashboardView.swift */,
				A0010064000000000000A064 /* HomeHeaderView.swift */,
				A0010065000000000000A065 /* HomeRouteDestinations.swift */,
				A0010071000000000000A071 /* DisclaimerView.swift */,
				A0010073000000000000A073 /* WeeklyEventsSection.swift */,
				A0010074000000000000A074 /* ShareHookCard.swift */,
				A0010075000000000000A075 /* ProTeaserCard.swift */,
				A001006E000000000000A06E /* HeroInvestingCardView.swift */,
				A001006F000000000000A06F /* InsightCardView.swift */,
			);
			path = Home;
			sourceTree = "<group>";
		};
		A0010912000000000000A912 /* Detail */ = {
			isa = PBXGroup;
			children = (
				A0010913000000000000A913 /* Investing */,
				A0010914000000000000A914 /* Today */,
				A0010915000000000000A915 /* Event */,
			);
			path = Detail;
			sourceTree = "<group>";
		};
		A0010915000000000000A915 /* Event */ = {
			isa = PBXGroup;
			children = (
				A0010500000000000000A500 /* EventDetailProviding.swift */,
				A0010501000000000000A501 /* EventDetailView.swift */,
			);
			path = Event;
			sourceTree = "<group>";
		};
		A0010913000000000000A913 /* Investing */ = {
			isa = PBXGroup;
			children = (
				A0010300000000000000A300 /* InvestingAttitudeDetailProviding.swift */,
				A0010301000000000000A301 /* InvestingAttitudeDetailView.swift */,
			);
			path = Investing;
			sourceTree = "<group>";
		};
		A0010914000000000000A914 /* Today */ = {
			isa = PBXGroup;
			children = (
				A0010400000000000000A400 /* TodayDetailProviding.swift */,
				A0010401000000000000A401 /* TodayDetailView.swift */,
			);
			path = Today;
			sourceTree = "<group>";
		};
		A0010907000000000000A907 /* Providers */ = {
			isa = PBXGroup;
			children = (
				A0010066000000000000A066 /* UserProfileProviding.swift */,
				A0010067000000000000A067 /* NotificationCenterProviding.swift */,
				A0010068000000000000A068 /* HeroInvestingProviding.swift */,
				A0010069000000000000A069 /* InsightsProviding.swift */,
				A001006A000000000000A06A /* WeeklyEventsProviding.swift */,
			);
			path = Providers;
			sourceTree = "<group>";
		};
/* End PBXGroup section */

/* Begin PBXNativeTarget section */
		47048FEE551B0739794004EA /* WoontechUITests */ = {
			isa = PBXNativeTarget;
			buildConfigurationList = 304A202DF099C2E9378FBEBE /* Build configuration list for PBXNativeTarget "WoontechUITests" */;
			buildPhases = (
				C65883223880223155946FE1 /* Sources */,
			);
			buildRules = (
			);
			dependencies = (
				9A6E7A65CBF38B603C7366FC /* PBXTargetDependency */,
			);
			name = WoontechUITests;
			packageProductDependencies = (
			);
			productName = WoontechUITests;
			productReference = 7F0394D3FFB2B768BCF36423 /* WoontechUITests.xctest */;
			productType = "com.apple.product-type.bundle.ui-testing";
		};
		DD39A93CBB9AE53899ABB6B9 /* Woontech */ = {
			isa = PBXNativeTarget;
			buildConfigurationList = 1ED95394DB291B17C01B358A /* Build configuration list for PBXNativeTarget "Woontech" */;
			buildPhases = (
				A3923580EC0B45617124E199 /* Sources */,
				6B5677B629BCC6D3384CD562 /* Resources */,
			);
			buildRules = (
			);
			dependencies = (
			);
			name = Woontech;
			packageProductDependencies = (
			);
			productName = Woontech;
			productReference = 03357E390570B305FE3765FC /* Woontech.app */;
			productType = "com.apple.product-type.application";
		};
		E2EF5BB066B1A3444E656849 /* WoontechTests */ = {
			isa = PBXNativeTarget;
			buildConfigurationList = FD341253CBB58EEB0124B20A /* Build configuration list for PBXNativeTarget "WoontechTests" */;
			buildPhases = (
				89ACA6BED39811A3BECE2B06 /* Sources */,
			);
			buildRules = (
			);
			dependencies = (
				FAFEC3D03712DCB6BA5B8465 /* PBXTargetDependency */,
			);
			name = WoontechTests;
			packageProductDependencies = (
			);
			productName = WoontechTests;
			productReference = DF6CF9165EF50341F3D4634D /* WoontechTests.xctest */;
			productType = "com.apple.product-type.bundle.unit-test";
		};
/* End PBXNativeTarget section */

/* Begin PBXProject section */
		716F5768A900A6C66017879D /* Project object */ = {
			isa = PBXProject;
			attributes = {
				BuildIndependentTargetsInParallel = YES;
				LastUpgradeCheck = 1430;
				TargetAttributes = {
					47048FEE551B0739794004EA = {
						DevelopmentTeam = "";
						ProvisioningStyle = Automatic;
						TestTargetID = DD39A93CBB9AE53899ABB6B9;
					};
					DD39A93CBB9AE53899ABB6B9 = {
						DevelopmentTeam = "";
						ProvisioningStyle = Automatic;
					};
					E2EF5BB066B1A3444E656849 = {
						DevelopmentTeam = "";
						ProvisioningStyle = Automatic;
					};
				};
			};
			buildConfigurationList = 64666BC6C0BB4E9B07B32C8D /* Build configuration list for PBXProject "Woontech" */;
			developmentRegion = en;
			hasScannedForEncodings = 0;
			knownRegions = (
				Base,
				en,
				ko,
			);
			mainGroup = 208CA9F8925CC6A9024D2C1C;
			minimizedProjectReferenceProxies = 1;
			preferredProjectObjectVersion = 77;
			productRefGroup = C05C4011366127DE38B8F34B /* Products */;
			projectDirPath = "";
			projectRoot = "";
			targets = (
				DD39A93CBB9AE53899ABB6B9 /* Woontech */,
				E2EF5BB066B1A3444E656849 /* WoontechTests */,
				47048FEE551B0739794004EA /* WoontechUITests */,
			);
		};
/* End PBXProject section */

/* Begin PBXResourcesBuildPhase section */
		6B5677B629BCC6D3384CD562 /* Resources */ = {
			isa = PBXResourcesBuildPhase;
			buildActionMask = 2147483647;
			files = (
				98A82AEC0357FB3DCCA220DF /* Assets.xcassets in Resources */,
				32B9F76964FFB911284C85D0 /* Localizable.strings in Resources */,
			);
			runOnlyForDeploymentPostprocessing = 0;
		};
/* End PBXResourcesBuildPhase section */

/* Begin PBXSourcesBuildPhase section */
		89ACA6BED39811A3BECE2B06 /* Sources */ = {
			isa = PBXSourcesBuildPhase;
			buildActionMask = 2147483647;
			files = (
				81D373491FEFA7B8D19425E8 /* OnboardingFlowStateTests.swift in Sources */,
				B1D7D71D171165CD027512B8 /* OnboardingStoreTests.swift in Sources */,
				B0010101000000000000A101 /* SajuInputModelTests.swift in Sources */,
				B0010102000000000000A102 /* SajuFlowModelTests.swift in Sources */,
				B0010103000000000000A103 /* SolarTimeCalculatorTests.swift in Sources */,
				B0010104000000000000A104 /* SajuAnalysisEngineTests.swift in Sources */,
				B0010105000000000000A105 /* CityCatalogTests.swift in Sources */,
				B0010106000000000000A106 /* SajuInputStorePersistenceTests.swift in Sources */,
				B0010107000000000000A107 /* SajuResultAccuracyTests.swift in Sources */,
				B001006B000000000000A06B /* HomeDashboardTests.swift in Sources */,
				B0010076000000000000A076 /* WeeklyEventsTests.swift in Sources */,
				B0010302000000000000B302 /* InvestingAttitudeDetailViewTests.swift in Sources */,
				B0010402000000000000B402 /* TodayDetailViewTests.swift in Sources */,
				B0010502000000000000B502 /* EventDetailViewTests.swift in Sources */,
				B0010630000000000000B630 /* SajuRouteTests.swift in Sources */,
				B0010631000000000000B631 /* SajuTabDependenciesTests.swift in Sources */,
				B0010632000000000000B632 /* SajuMockProvidersTests.swift in Sources */,
				B0010705000000000000B705 /* SajuAboveFoldTests.swift in Sources */,
				B0010736000000000000B736 /* SajuBelowFoldTests.swift in Sources */,
			);
			runOnlyForDeploymentPostprocessing = 0;
		};
		A3923580EC0B45617124E199 /* Sources */ = {
			isa = PBXSourcesBuildPhase;
			buildActionMask = 2147483647;
			files = (
				1B009695CC93FAECB1210B4B /* DesignTokens.swift in Sources */,
				6526CA63C0E297BB6B8CC595 /* DisclaimerCheckboxView.swift in Sources */,
				4380F54E8057F1E3E7C39D18 /* OnboardingContent.swift in Sources */,
				F01383A9BF11A432A00FA576 /* OnboardingFlowModel.swift in Sources */,
				8D4CD17C570369BB08DF54E2 /* OnboardingStepView.swift in Sources */,
				5FC3438DDB7475CFB3FFEE88 /* OnboardingStore.swift in Sources */,
				8E468EDB10E01C846286405D /* OnboardingView.swift in Sources */,
				35C1C2E83EEB581287C97BA4 /* PageIndicatorView.swift in Sources */,
				02F6CA4FC6F8A9EEADAE9E79 /* PrimaryButton.swift in Sources */,
				4352EF96565329E497585C72 /* RootView.swift in Sources */,
				959C287AC9966A8561094CA5 /* SajuInputPlaceholderView.swift in Sources */,
				CEA5B514DA080AE3DB80FA51 /* SplashView.swift in Sources */,
				7CFD82E58CB6806F3FB49A6E /* WoontechApp.swift in Sources */,
				B0010001000000000000A001 /* CityCatalog.swift in Sources */,
				B0010002000000000000A002 /* SajuAnalysisEngine.swift in Sources */,
				B0010003000000000000A003 /* SajuFlowModel.swift in Sources */,
				B0010004000000000000A004 /* SajuInputModel.swift in Sources */,
				B0010005000000000000A005 /* SajuInputStore.swift in Sources */,
				B0010006000000000000A006 /* SajuResultModel.swift in Sources */,
				B0010007000000000000A007 /* ShareCardRenderer.swift in Sources */,
				B0010008000000000000A008 /* SolarTimeCalculator.swift in Sources */,
				B0010010000000000000A010 /* SajuCheckbox.swift in Sources */,
				B0010011000000000000A011 /* SajuSegmented.swift in Sources */,
				B0010012000000000000A012 /* SajuStepScaffold.swift in Sources */,
				B0010013000000000000A013 /* SajuToggleRow.swift in Sources */,
				B0010014000000000000A014 /* StepProgressBarView.swift in Sources */,
				B0010015000000000000A015 /* WheelPicker.swift in Sources */,
				B0010020000000000000A020 /* SajuInputFlowView.swift in Sources */,
				B0010021000000000000A021 /* Step1GenderView.swift in Sources */,
				B0010022000000000000A022 /* Step2NameView.swift in Sources */,
				B0010023000000000000A023 /* Step3BirthDateView.swift in Sources */,
				B0010024000000000000A024 /* Step4BirthTimeView.swift in Sources */,
				B0010025000000000000A025 /* Step5BirthPlaceView.swift in Sources */,
				B0010026000000000000A026 /* Step6SolarTimeView.swift in Sources */,
				B0010027000000000000A027 /* Step7LoaderView.swift in Sources */,
				B0010030000000000000A030 /* Step8ResultView.swift in Sources */,
				B0010031000000000000A031 /* HeroTypeCardView.swift in Sources */,
				B0010032000000000000A032 /* SajuMiniChartView.swift in Sources */,
				B0010034000000000000A034 /* BulletListView.swift in Sources */,
				B0010035000000000000A035 /* AccuracyBadgeView.swift in Sources */,
				B0010036000000000000A036 /* ShareCardView.swift in Sources */,
				B0010040000000000000A040 /* Step85SignUpView.swift in Sources */,
				B0010050000000000000A050 /* Step10ReferralView.swift in Sources */,
				B0010061000000000000A061 /* HomeRoute.swift in Sources */,
				B0010062000000000000A062 /* HomeDependencies.swift in Sources */,
				B0010063000000000000A063 /* HomeDashboardView.swift in Sources */,
				B0010064000000000000A064 /* HomeHeaderView.swift in Sources */,
				B0010065000000000000A065 /* HomeRouteDestinations.swift in Sources */,
				B0010066000000000000A066 /* UserProfileProviding.swift in Sources */,
				B0010067000000000000A067 /* NotificationCenterProviding.swift in Sources */,
				B0010068000000000000A068 /* HeroInvestingProviding.swift in Sources */,
				B0010069000000000000A069 /* InsightsProviding.swift in Sources */,
				B001006A000000000000A06A /* WeeklyEventsProviding.swift in Sources */,
				B001006D000000000000A06D /* CollectionExtensions.swift in Sources */,
				B001006E000000000000A06E /* HeroInvestingCardView.swift in Sources */,
				B001006F000000000000A06F /* InsightCardView.swift in Sources */,
				B0010070000000000000A070 /* WeeklyEvent.swift in Sources */,
				B0010071000000000000A071 /* DisclaimerView.swift in Sources */,
				B0010072000000000000A072 /* EventCardView.swift in Sources */,
				B0010073000000000000A073 /* WeeklyEventsSection.swift in Sources */,
				B0010074000000000000A074 /* ShareHookCard.swift in Sources */,
				B0010075000000000000A075 /* ProTeaserCard.swift in Sources */,
				B0010300000000000000B300 /* InvestingAttitudeDetailProviding.swift in Sources */,
				B0010301000000000000B301 /* InvestingAttitudeDetailView.swift in Sources */,
				B0010400000000000000B400 /* TodayDetailProviding.swift in Sources */,
				B0010401000000000000B401 /* TodayDetailView.swift in Sources */,
				B0010500000000000000B500 /* EventDetailProviding.swift in Sources */,
				B0010501000000000000B501 /* EventDetailView.swift in Sources */,
				B0010600000000000000B600 /* MainTabContainerView.swift in Sources */,
				B0010610000000000000B610 /* SajuTabView.swift in Sources */,
				B0010611000000000000B611 /* SajuTabHeaderView.swift in Sources */,
				B0010612000000000000B612 /* SajuTabContentPlaceholderView.swift in Sources */,
				B0010613000000000000B613 /* SajuRoute.swift in Sources */,
				B0010614000000000000B614 /* SajuRouteDestinations.swift in Sources */,
				B0010615000000000000B615 /* SajuTabDependencies.swift in Sources */,
				B0010620000000000000B620 /* UserSajuOriginProviding.swift in Sources */,
				B0010621000000000000B621 /* SajuCategoriesProviding.swift in Sources */,
				B0010622000000000000B622 /* SajuElementsDetailProviding.swift in Sources */,
				B0010623000000000000B623 /* SajuTenGodsDetailProviding.swift in Sources */,
				B0010624000000000000B624 /* SajuLearningPathProviding.swift in Sources */,
				B0010625000000000000B625 /* SajuLessonProviding.swift in Sources */,
				B0010700000000000000B700 /* SajuPillarCellView.swift in Sources */,
				B0010701000000000000B701 /* SajuOriginCardView.swift in Sources */,
				B0010702000000000000B702 /* SajuCategoryCardView.swift in Sources */,
				B0010703000000000000B703 /* SajuCategoriesSection.swift in Sources */,
				B0010704000000000000B704 /* SajuTabContentView.swift in Sources */,
				B0010730000000000000B730 /* SajuStudySectionView.swift in Sources */,
				B0010731000000000000B731 /* SajuStudySectionHeaderView.swift in Sources */,
				B0010732000000000000B732 /* SajuFeaturedLessonCardView.swift in Sources */,
				B0010733000000000000B733 /* SajuCourseGridView.swift in Sources */,
				B0010734000000000000B734 /* SajuCourseCardView.swift in Sources */,
				B0010735000000000000B735 /* SajuGlossaryCardView.swift in Sources */,
			);
			runOnlyForDeploymentPostprocessing = 0;
		};
		C65883223880223155946FE1 /* Sources */ = {
			isa = PBXSourcesBuildPhase;
			buildActionMask = 2147483647;
			files = (
				34C71C4E959F6A19B7F51887 /* OnboardingUITests.swift in Sources */,
				B0010201000000000000A201 /* SajuInputUITests.swift in Sources */,
				B0010202000000000000A202 /* SajuResultUITests.swift in Sources */,
				B0010203000000000000A203 /* SajuSignUpUITests.swift in Sources */,
				B0010204000000000000A204 /* SajuReferralUITests.swift in Sources */,
				B0010205000000000000A205 /* SajuAccessibilityUITests.swift in Sources */,
				B0010206000000000000A206 /* AppLaunchContractUITests.swift in Sources */,
				B001006C000000000000A06C /* HomeDashboardUITests.swift in Sources */,
				B0010303000000000000B303 /* InvestingAttitudeDetailUITests.swift in Sources */,
				B0010403000000000000B403 /* TodayDetailUITests.swift in Sources */,
				B0010503000000000000B503 /* EventDetailUITests.swift in Sources */,
				B0010640000000000000B640 /* SajuTabFoundationUITests.swift in Sources */,
				B0010706000000000000B706 /* SajuAboveFoldUITests.swift in Sources */,
				B0010737000000000000B737 /* SajuBelowFoldUITests.swift in Sources */,
			);
			runOnlyForDeploymentPostprocessing = 0;
		};
/* End PBXSourcesBuildPhase section */

/* Begin PBXTargetDependency section */
		9A6E7A65CBF38B603C7366FC /* PBXTargetDependency */ = {
			isa = PBXTargetDependency;
			target = DD39A93CBB9AE53899ABB6B9 /* Woontech */;
			targetProxy = AAB265173D1768268E2D2BB3 /* PBXContainerItemProxy */;
		};
		FAFEC3D03712DCB6BA5B8465 /* PBXTargetDependency */ = {
			isa = PBXTargetDependency;
			target = DD39A93CBB9AE53899ABB6B9 /* Woontech */;
			targetProxy = 0C3FC0EEDC8BF560C428F1B7 /* PBXContainerItemProxy */;
		};
/* End PBXTargetDependency section */

/* Begin XCBuildConfiguration section */
		0105DD5903B4314286407FF5 /* Release */ = {
			isa = XCBuildConfiguration;
			buildSettings = {
				BUNDLE_LOADER = "$(TEST_HOST)";
				GENERATE_INFOPLIST_FILE = YES;
				IPHONEOS_DEPLOYMENT_TARGET = 17.0;
				LD_RUNPATH_SEARCH_PATHS = (
					"$(inherited)",
					"@executable_path/Frameworks",
					"@loader_path/Frameworks",
				);
				PRODUCT_BUNDLE_IDENTIFIER = com.woontech.app.tests;
				SDKROOT = iphoneos;
				TARGETED_DEVICE_FAMILY = "1,2";
				TEST_HOST = "$(BUILT_PRODUCTS_DIR)/Woontech.app/Woontech";
			};
			name = Release;
		};
		14F0C0B104C395F383E1FCB1 /* Release */ = {
			isa = XCBuildConfiguration;
			buildSettings = {
				ALWAYS_SEARCH_USER_PATHS = NO;
				CLANG_ANALYZER_NONNULL = YES;
				CLANG_ANALYZER_NUMBER_OBJECT_CONVERSION = YES_AGGRESSIVE;
				CLANG_CXX_LANGUAGE_STANDARD = "gnu++14";
				CLANG_CXX_LIBRARY = "libc++";
				CLANG_ENABLE_MODULES = YES;
				CLANG_ENABLE_OBJC_ARC = YES;
				CLANG_ENABLE_OBJC_WEAK = YES;
				CLANG_WARN_BLOCK_CAPTURE_AUTORELEASING = YES;
				CLANG_WARN_BOOL_CONVERSION = YES;
				CLANG_WARN_COMMA = YES;
				CLANG_WARN_CONSTANT_CONVERSION = YES;
				CLANG_WARN_DEPRECATED_OBJC_IMPLEMENTATIONS = YES;
				CLANG_WARN_DIRECT_OBJC_ISA_USAGE = YES_ERROR;
				CLANG_WARN_DOCUMENTATION_COMMENTS = YES;
				CLANG_WARN_EMPTY_BODY = YES;
				CLANG_WARN_ENUM_CONVERSION = YES;
				CLANG_WARN_INFINITE_RECURSION = YES;
				CLANG_WARN_INT_CONVERSION = YES;
				CLANG_WARN_NON_LITERAL_NULL_CONVERSION = YES;
				CLANG_WARN_OBJC_IMPLICIT_RETAIN_SELF = YES;
				CLANG_WARN_OBJC_LITERAL_CONVERSION = YES;
				CLANG_WARN_OBJC_ROOT_CLASS = YES_ERROR;
				CLANG_WARN_QUOTED_INCLUDE_IN_FRAMEWORK_HEADER = YES;
				CLANG_WARN_RANGE_LOOP_ANALYSIS = YES;
				CLANG_WARN_STRICT_PROTOTYPES = YES;
				CLANG_WARN_SUSPICIOUS_MOVE = YES;
				CLANG_WARN_UNGUARDED_AVAILABILITY = YES_AGGRESSIVE;
				CLANG_WARN_UNREACHABLE_CODE = YES;
				CLANG_WARN__DUPLICATE_METHOD_MATCH = YES;
				CODE_SIGN_STYLE = Automatic;
				COPY_PHASE_STRIP = NO;
				DEBUG_INFORMATION_FORMAT = "dwarf-with-dsym";
				DEVELOPMENT_TEAM = "";
				ENABLE_NS_ASSERTIONS = NO;
				ENABLE_STRICT_OBJC_MSGSEND = YES;
				ENABLE_USER_SCRIPT_SANDBOXING = YES;
				GCC_C_LANGUAGE_STANDARD = gnu11;
				GCC_NO_COMMON_BLOCKS = YES;
				GCC_WARN_64_TO_32_BIT_CONVERSION = YES;
				GCC_WARN_ABOUT_RETURN_TYPE = YES_ERROR;
				GCC_WARN_UNDECLARED_SELECTOR = YES;
				GCC_WARN_UNINITIALIZED_AUTOS = YES_AGGRESSIVE;
				GCC_WARN_UNUSED_FUNCTION = YES;
				GCC_WARN_UNUSED_VARIABLE = YES;
				GENERATE_INFOPLIST_FILE = NO;
				IPHONEOS_DEPLOYMENT_TARGET = 17.0;
				MTL_ENABLE_DEBUG_INFO = NO;
				MTL_FAST_MATH = YES;
				PRODUCT_NAME = "$(TARGET_NAME)";
				SDKROOT = iphoneos;
				SWIFT_COMPILATION_MODE = wholemodule;
				SWIFT_OPTIMIZATION_LEVEL = "-O";
				SWIFT_VERSION = 5.9;
			};
			name = Release;
		};
		1AAC6998101105C8E3D6591B /* Debug */ = {
			isa = XCBuildConfiguration;
			buildSettings = {
				ALWAYS_SEARCH_USER_PATHS = NO;
				CLANG_ANALYZER_NONNULL = YES;
				CLANG_ANALYZER_NUMBER_OBJECT_CONVERSION = YES_AGGRESSIVE;
				CLANG_CXX_LANGUAGE_STANDARD = "gnu++14";
				CLANG_CXX_LIBRARY = "libc++";
				CLANG_ENABLE_MODULES = YES;
				CLANG_ENABLE_OBJC_ARC = YES;
				CLANG_ENABLE_OBJC_WEAK = YES;
				CLANG_WARN_BLOCK_CAPTURE_AUTORELEASING = YES;
				CLANG_WARN_BOOL_CONVERSION = YES;
				CLANG_WARN_COMMA = YES;
				CLANG_WARN_CONSTANT_CONVERSION = YES;
				CLANG_WARN_DEPRECATED_OBJC_IMPLEMENTATIONS = YES;
				CLANG_WARN_DIRECT_OBJC_ISA_USAGE = YES_ERROR;
				CLANG_WARN_DOCUMENTATION_COMMENTS = YES;
				CLANG_WARN_EMPTY_BODY = YES;
				CLANG_WARN_ENUM_CONVERSION = YES;
				CLANG_WARN_INFINITE_RECURSION = YES;
				CLANG_WARN_INT_CONVERSION = YES;
				CLANG_WARN_NON_LITERAL_NULL_CONVERSION = YES;
				CLANG_WARN_OBJC_IMPLICIT_RETAIN_SELF = YES;
				CLANG_WARN_OBJC_LITERAL_CONVERSION = YES;
				CLANG_WARN_OBJC_ROOT_CLASS = YES_ERROR;
				CLANG_WARN_QUOTED_INCLUDE_IN_FRAMEWORK_HEADER = YES;
				CLANG_WARN_RANGE_LOOP_ANALYSIS = YES;
				CLANG_WARN_STRICT_PROTOTYPES = YES;
				CLANG_WARN_SUSPICIOUS_MOVE = YES;
				CLANG_WARN_UNGUARDED_AVAILABILITY = YES_AGGRESSIVE;
				CLANG_WARN_UNREACHABLE_CODE = YES;
				CLANG_WARN__DUPLICATE_METHOD_MATCH = YES;
				CODE_SIGN_STYLE = Automatic;
				COPY_PHASE_STRIP = NO;
				DEBUG_INFORMATION_FORMAT = dwarf;
				DEVELOPMENT_TEAM = "";
				ENABLE_STRICT_OBJC_MSGSEND = YES;
				ENABLE_TESTABILITY = YES;
				ENABLE_USER_SCRIPT_SANDBOXING = YES;
				GCC_C_LANGUAGE_STANDARD = gnu11;
				GCC_DYNAMIC_NO_PIC = NO;
				GCC_NO_COMMON_BLOCKS = YES;
				GCC_OPTIMIZATION_LEVEL = 0;
				GCC_PREPROCESSOR_DEFINITIONS = (
					"$(inherited)",
					"DEBUG=1",
				);
				GCC_WARN_64_TO_32_BIT_CONVERSION = YES;
				GCC_WARN_ABOUT_RETURN_TYPE = YES_ERROR;
				GCC_WARN_UNDECLARED_SELECTOR = YES;
				GCC_WARN_UNINITIALIZED_AUTOS = YES_AGGRESSIVE;
				GCC_WARN_UNUSED_FUNCTION = YES;
				GCC_WARN_UNUSED_VARIABLE = YES;
				GENERATE_INFOPLIST_FILE = NO;
				IPHONEOS_DEPLOYMENT_TARGET = 17.0;
				MTL_ENABLE_DEBUG_INFO = INCLUDE_SOURCE;
				MTL_FAST_MATH = YES;
				ONLY_ACTIVE_ARCH = YES;
				PRODUCT_NAME = "$(TARGET_NAME)";
				SDKROOT = iphoneos;
				SWIFT_ACTIVE_COMPILATION_CONDITIONS = DEBUG;
				SWIFT_OPTIMIZATION_LEVEL = "-Onone";
				SWIFT_VERSION = 5.9;
			};
			name = Debug;
		};
		2902791362C42AC070FC871D /* Debug */ = {
			isa = XCBuildConfiguration;
			buildSettings = {
				ASSETCATALOG_COMPILER_APPICON_NAME = AppIcon;
				CODE_SIGN_IDENTITY = "iPhone Developer";
				DEVELOPMENT_LANGUAGE = ko;
				INFOPLIST_FILE = Woontech/Resources/Info.plist;
				IPHONEOS_DEPLOYMENT_TARGET = 17.0;
				LD_RUNPATH_SEARCH_PATHS = (
					"$(inherited)",
					"@executable_path/Frameworks",
				);
				PRODUCT_BUNDLE_IDENTIFIER = com.woontech.app;
				SDKROOT = iphoneos;
				SUPPORTED_PLATFORMS = "iphoneos iphonesimulator";
				TARGETED_DEVICE_FAMILY = "1,2";
			};
			name = Debug;
		};
		8B186391F6C9AB20F863D683 /* Debug */ = {
			isa = XCBuildConfiguration;
			buildSettings = {
				BUNDLE_LOADER = "$(TEST_HOST)";
				GENERATE_INFOPLIST_FILE = YES;
				IPHONEOS_DEPLOYMENT_TARGET = 17.0;
				LD_RUNPATH_SEARCH_PATHS = (
					"$(inherited)",
					"@executable_path/Frameworks",
					"@loader_path/Frameworks",
				);
				PRODUCT_BUNDLE_IDENTIFIER = com.woontech.app.uitests;
				SDKROOT = iphoneos;
				TARGETED_DEVICE_FAMILY = "1,2";
				TEST_TARGET_NAME = Woontech;
			};
			name = Debug;
		};
		BA30C9EB333C7F6DB4F21C99 /* Release */ = {
			isa = XCBuildConfiguration;
			buildSettings = {
				ASSETCATALOG_COMPILER_APPICON_NAME = AppIcon;
				CODE_SIGN_IDENTITY = "iPhone Developer";
				DEVELOPMENT_LANGUAGE = ko;
				INFOPLIST_FILE = Woontech/Resources/Info.plist;
				IPHONEOS_DEPLOYMENT_TARGET = 17.0;
				LD_RUNPATH_SEARCH_PATHS = (
					"$(inherited)",
					"@executable_path/Frameworks",
				);
				PRODUCT_BUNDLE_IDENTIFIER = com.woontech.app;
				SDKROOT = iphoneos;
				SUPPORTED_PLATFORMS = "iphoneos iphonesimulator";
				TARGETED_DEVICE_FAMILY = "1,2";
			};
			name = Release;
		};
		C9C4FD1C9DEF2C1E68E4F32A /* Release */ = {
			isa = XCBuildConfiguration;
			buildSettings = {
				BUNDLE_LOADER = "$(TEST_HOST)";
				GENERATE_INFOPLIST_FILE = YES;
				IPHONEOS_DEPLOYMENT_TARGET = 17.0;
				LD_RUNPATH_SEARCH_PATHS = (
					"$(inherited)",
					"@executable_path/Frameworks",
					"@loader_path/Frameworks",
				);
				PRODUCT_BUNDLE_IDENTIFIER = com.woontech.app.uitests;
				SDKROOT = iphoneos;
				TARGETED_DEVICE_FAMILY = "1,2";
				TEST_TARGET_NAME = Woontech;
			};
			name = Release;
		};
		D0959F443B2372CDCCC8E48C /* Debug */ = {
			isa = XCBuildConfiguration;
			buildSettings = {
				BUNDLE_LOADER = "$(TEST_HOST)";
				GENERATE_INFOPLIST_FILE = YES;
				IPHONEOS_DEPLOYMENT_TARGET = 17.0;
				LD_RUNPATH_SEARCH_PATHS = (
					"$(inherited)",
					"@executable_path/Frameworks",
					"@loader_path/Frameworks",
				);
				PRODUCT_BUNDLE_IDENTIFIER = com.woontech.app.tests;
				SDKROOT = iphoneos;
				TARGETED_DEVICE_FAMILY = "1,2";
				TEST_HOST = "$(BUILT_PRODUCTS_DIR)/Woontech.app/Woontech";
			};
			name = Debug;
		};
/* End XCBuildConfiguration section */

/* Begin XCConfigurationList section */
		1ED95394DB291B17C01B358A /* Build configuration list for PBXNativeTarget "Woontech" */ = {
			isa = XCConfigurationList;
			buildConfigurations = (
				2902791362C42AC070FC871D /* Debug */,
				BA30C9EB333C7F6DB4F21C99 /* Release */,
			);
			defaultConfigurationIsVisible = 0;
			defaultConfigurationName = Debug;
		};
		304A202DF099C2E9378FBEBE /* Build configuration list for PBXNativeTarget "WoontechUITests" */ = {
			isa = XCConfigurationList;
			buildConfigurations = (
				8B186391F6C9AB20F863D683 /* Debug */,
				C9C4FD1C9DEF2C1E68E4F32A /* Release */,
			);
			defaultConfigurationIsVisible = 0;
			defaultConfigurationName = Debug;
		};
		64666BC6C0BB4E9B07B32C8D /* Build configuration list for PBXProject "Woontech" */ = {
			isa = XCConfigurationList;
			buildConfigurations = (
				1AAC6998101105C8E3D6591B /* Debug */,
				14F0C0B104C395F383E1FCB1 /* Release */,
			);
			defaultConfigurationIsVisible = 0;
			defaultConfigurationName = Debug;
		};
		FD341253CBB58EEB0124B20A /* Build configuration list for PBXNativeTarget "WoontechTests" */ = {
			isa = XCConfigurationList;
			buildConfigurations = (
				D0959F443B2372CDCCC8E48C /* Debug */,
				0105DD5903B4314286407FF5 /* Release */,
			);
			defaultConfigurationIsVisible = 0;
			defaultConfigurationName = Debug;
		};
/* End XCConfigurationList section */
	};
	rootObject = 716F5768A900A6C66017879D /* Project object */;
}
